
Microsoft Visual Studio Solution File, Format Version 12.00
# Visual Studio Version 16
VisualStudioVersion = 16.0.32630.194
MinimumVisualStudioVersion = 10.0.40219.1
Project("{FAE04EC0-301F-11D3-BF4B-00C04F79EFBC}") = "Pattern - Adapter", "Pattern - Adapter\Pattern - Adapter.csproj", "{A39A41F8-2489-4A3C-B7D4-3132FA7D8576}"
EndProject
Global
	GlobalSection(SolutionConfigurationPlatforms) = preSolution
		Debug|Any CPU = Debug|Any CPU
		Release|Any CPU = Release|Any CPU
	EndGlobalSection
	GlobalSection(ProjectConfigurationPlatforms) = postSolution
		{A39A41F8-2489-4A3C-B7D4-3132FA7D8576}.Debug|Any CPU.ActiveCfg = Debug|Any CPU
		{A39A41F8-2489-4A3C-B7D4-3132FA7D8576}.Debug|Any CPU.Build.0 = Debug|Any CPU
		{A39A41F8-2489-4A3C-B7D4-3132FA7D8576}.Release|Any CPU.ActiveCfg = Release|Any CPU
		{A39A41F8-2489-4A3C-B7D4-3132FA7D8576}.Release|Any CPU.Build.0 = Release|Any CPU
	EndGlobalSection
	GlobalSection(SolutionProperties) = preSolution
		HideSolutionNode = FALSE
	EndGlobalSection
	GlobalSection(ExtensibilityGlobals) = postSolution
		SolutionGuid = {EF0EB231-BC1A-4754-BC15-FE8EB6043D32}
	EndGlobalSection
EndGlobal
